
Microsoft Visual Studio Solution File, Format Version 12.00
# Visual Studio Version 17
VisualStudioVersion = 17.7.34024.191
MinimumVisualStudioVersion = 10.0.40219.1
Project("{FAE04EC0-301F-11D3-BF4B-00C04F79EFBC}") = "My_app_WebAPI", "My_app_WebAPI.csproj", "{33925E01-CFB2-4DD0-B2B6-E61E8D2D8318}"
EndProject
Global
	GlobalSection(SolutionConfigurationPlatforms) = preSolution
		Debug|Any CPU = Debug|Any CPU
		Release|Any CPU = Release|Any CPU
	EndGlobalSection
	GlobalSection(ProjectConfigurationPlatforms) = postSolution
		{33925E01-CFB2-4DD0-B2B6-E61E8D2D8318}.Debug|Any CPU.ActiveCfg = Debug|Any CPU
		{33925E01-CFB2-4DD0-B2B6-E61E8D2D8318}.Debug|Any CPU.Build.0 = Debug|Any CPU
		{33925E01-CFB2-4DD0-B2B6-E61E8D2D8318}.Release|Any CPU.ActiveCfg = Release|Any CPU
		{33925E01-CFB2-4DD0-B2B6-E61E8D2D8318}.Release|Any CPU.Build.0 = Release|Any CPU
	EndGlobalSection
	GlobalSection(SolutionProperties) = preSolution
		HideSolutionNode = FALSE
	EndGlobalSection
	GlobalSection(ExtensibilityGlobals) = postSolution
		SolutionGuid = {DCFB373F-A957-4A5B-B3BE-CE423E0C7767}
	EndGlobalSection
EndGlobal
